
Microsoft Visual Studio Solution File, Format Version 12.00
# Visual Studio 15
VisualStudioVersion = 15.0.26730.12
MinimumVisualStudioVersion = 10.0.40219.1
Project("{8BC9CEB8-8B4A-11D0-8D11-00A0C91BC942}") = "TP2Taller", "TP2Taller.vcxproj", "{9ABCD058-AB35-482C-9FA7-9EE67C3C6911}"
EndProject
Global
	GlobalSection(SolutionConfigurationPlatforms) = preSolution
		Debug|x64 = Debug|x64
		Debug|x86 = Debug|x86
		Release|x64 = Release|x64
		Release|x86 = Release|x86
	EndGlobalSection
	GlobalSection(ProjectConfigurationPlatforms) = postSolution
		{9ABCD058-AB35-482C-9FA7-9EE67C3C6911}.Debug|x64.ActiveCfg = Debug|x64
		{9ABCD058-AB35-482C-9FA7-9EE67C3C6911}.Debug|x64.Build.0 = Debug|x64
		{9ABCD058-AB35-482C-9FA7-9EE67C3C6911}.Debug|x86.ActiveCfg = Debug|Win32
		{9ABCD058-AB35-482C-9FA7-9EE67C3C6911}.Debug|x86.Build.0 = Debug|Win32
		{9ABCD058-AB35-482C-9FA7-9EE67C3C6911}.Release|x64.ActiveCfg = Release|x64
		{9ABCD058-AB35-482C-9FA7-9EE67C3C6911}.Release|x64.Build.0 = Release|x64
		{9ABCD058-AB35-482C-9FA7-9EE67C3C6911}.Release|x86.ActiveCfg = Release|Win32
		{9ABCD058-AB35-482C-9FA7-9EE67C3C6911}.Release|x86.Build.0 = Release|Win32
	EndGlobalSection
	GlobalSection(SolutionProperties) = preSolution
		HideSolutionNode = FALSE
	EndGlobalSection
	GlobalSection(ExtensibilityGlobals) = postSolution
		SolutionGuid = {A5AC0959-B526-4EA6-B0C1-5431BE58BC8E}
	EndGlobalSection
EndGlobal
